
Microsoft Visual Studio Solution File, Format Version 12.00
# Visual Studio 2017
Project("{FAE04EC0-301F-11D3-BF4B-00C04F79EFBC}") = "Prince of the Republic", "Prince of the Republic.csproj", "{6050A870-73ED-2457-6053-2397EF5E6322}"
EndProject
Global
	GlobalSection(SolutionConfigurationPlatforms) = preSolution
		Debug|Any CPU = Debug|Any CPU
		Release|Any CPU = Release|Any CPU
	EndGlobalSection
	GlobalSection(ProjectConfigurationPlatforms) = postSolution
		{6050A870-73ED-2457-6053-2397EF5E6322}.Debug|Any CPU.ActiveCfg = Debug|Any CPU
		{6050A870-73ED-2457-6053-2397EF5E6322}.Debug|Any CPU.Build.0 = Debug|Any CPU
		{6050A870-73ED-2457-6053-2397EF5E6322}.Release|Any CPU.ActiveCfg = Release|Any CPU
		{6050A870-73ED-2457-6053-2397EF5E6322}.Release|Any CPU.Build.0 = Release|Any CPU
	EndGlobalSection
	GlobalSection(SolutionProperties) = preSolution
		HideSolutionNode = FALSE
	EndGlobalSection
EndGlobal
